<?xml version="1.0" encoding="utf-8"?>
<Project ToolsVersion="4.0" xmlns="http://schemas.microsoft.com/developer/msbuild/2003">
  <ItemGroup>
    <Filter Include="ソース ファイル">
      <UniqueIdentifier>{4FC737F1-C7A5-4376-A066-2A32D752A2FF}</UniqueIdentifier>
      <Extensions>cpp;c;cc;cxx;def;odl;idl;hpj;bat;asm;asmx</Extensions>
    </Filter>
    <Filter Include="ヘッダー ファイル">
      <UniqueIdentifier>{93995380-89BD-4b04-88EB-625FBE52EBFB}</UniqueIdentifier>
      <Extensions>h;hh;hpp;hxx;hm;inl;inc;xsd</Extensions>
    </Filter>
    <Filter Include="リソース ファイル">
      <UniqueIdentifier>{67DA6AB6-F800-4c08-8B7A-83BB121AAD01}</UniqueIdentifier>
      <Extensions>rc;ico;cur;bmp;dlg;rc2;rct;bin;rgs;gif;jpg;jpeg;jpe;resx;tiff;tif;png;wav;mfcribbon-ms</Extensions>
    </Filter>
    <Filter Include="ソース ファイル\crc">
      <UniqueIdentifier>{e1ad7375-cef2-41af-9c6b-254349cef507}</UniqueIdentifier>
    </Filter>
    <Filter Include="ヘッダー ファイル\crc">
      <UniqueIdentifier>{d9273d8f-a983-4c8c-a208-aa2e19bbfb99}</UniqueIdentifier>
    </Filter>
    <Filter Include="ヘッダー ファイル\build_settings">
      <UniqueIdentifier>{7abcb39d-eb4c-4597-a9a8-8730145d8f27}</UniqueIdentifier>
    </Filter>
    <Filter Include="ヘッダー ファイル\build_settings\common">
      <UniqueIdentifier>{5d7f0893-6438-428c-b061-ed91f9b9f8cc}</UniqueIdentifier>
    </Filter>
    <Filter Include="ヘッダー ファイル\build_settings\project">
      <UniqueIdentifier>{cb42f59e-399f-4b6e-95f8-1c39c606ed62}</UniqueIdentifier>
    </Filter>
  </ItemGroup>
  <ItemGroup>
    <ClInclude Include="standard.h">
      <Filter>ヘッダー ファイル</Filter>
    </ClInclude>
    <ClInclude Include="..\..\gasha\include\crc32.h">
      <Filter>ヘッダー ファイル\crc</Filter>
    </ClInclude>
    <ClInclude Include="..\..\gasha\include\language_auto_settings.h">
      <Filter>ヘッダー ファイル\build_settings\common</Filter>
    </ClInclude>
    <ClInclude Include="..\..\gasha\include\platform_auto_settings.h">
      <Filter>ヘッダー ファイル\build_settings\common</Filter>
    </ClInclude>
    <ClInclude Include="..\..\gasha\include\compiler_auto_settings.h">
      <Filter>ヘッダー ファイル\build_settings\common</Filter>
    </ClInclude>
    <ClInclude Include="..\..\gasha\include\build_settings.h">
      <Filter>ヘッダー ファイル\build_settings</Filter>
    </ClInclude>
    <ClInclude Include="..\..\gasha_settings\include\project_build_settings_first.h">
      <Filter>ヘッダー ファイル\build_settings\project</Filter>
    </ClInclude>
    <ClInclude Include="..\..\gasha_settings\include\project_build_settings.h">
      <Filter>ヘッダー ファイル\build_settings\project</Filter>
    </ClInclude>
  </ItemGroup>
  <ItemGroup>
    <ClCompile Include="standard.cpp">
      <Filter>ソース ファイル</Filter>
    </ClCompile>
    <ClCompile Include="..\src\crc\crc32.cpp">
      <Filter>ソース ファイル\crc</Filter>
    </ClCompile>
  </ItemGroup>
</Project>