<?xml version="1.0" encoding="utf-8"?>
<Project ToolsVersion="4.0" xmlns="http://schemas.microsoft.com/developer/msbuild/2003">
  <ItemGroup>
    <Filter Include="ソース ファイル">
      <UniqueIdentifier>{4FC737F1-C7A5-4376-A066-2A32D752A2FF}</UniqueIdentifier>
      <Extensions>cpp;c;cc;cxx;def;odl;idl;hpj;bat;asm;asmx</Extensions>
    </Filter>
    <Filter Include="ヘッダー ファイル">
      <UniqueIdentifier>{93995380-89BD-4b04-88EB-625FBE52EBFB}</UniqueIdentifier>
      <Extensions>h;hh;hpp;hxx;hm;inl;inc;xsd</Extensions>
    </Filter>
    <Filter Include="リソース ファイル">
      <UniqueIdentifier>{67DA6AB6-F800-4c08-8B7A-83BB121AAD01}</UniqueIdentifier>
      <Extensions>rc;ico;cur;bmp;dlg;rc2;rct;bin;rgs;gif;jpg;jpeg;jpe;resx;tiff;tif;png;wav;mfcribbon-ms</Extensions>
    </Filter>
    <Filter Include="ソース ファイル\crc">
      <UniqueIdentifier>{e1ad7375-cef2-41af-9c6b-254349cef507}</UniqueIdentifier>
    </Filter>
    <Filter Include="プリコンパイル済みヘッダー">
      <UniqueIdentifier>{18517398-9e5d-4832-8dc8-dee19c7f7071}</UniqueIdentifier>
    </Filter>
    <Filter Include="ヘッダー ファイル\gasha">
      <UniqueIdentifier>{1218dd6f-a862-4065-a41f-dd6db3539aef}</UniqueIdentifier>
    </Filter>
    <Filter Include="ヘッダー ファイル\gasha\crc">
      <UniqueIdentifier>{d9273d8f-a983-4c8c-a208-aa2e19bbfb99}</UniqueIdentifier>
    </Filter>
    <Filter Include="ヘッダー ファイル\gasha\build_settings">
      <UniqueIdentifier>{7abcb39d-eb4c-4597-a9a8-8730145d8f27}</UniqueIdentifier>
    </Filter>
    <Filter Include="ヘッダー ファイル\gasha\build_settings\common">
      <UniqueIdentifier>{5d7f0893-6438-428c-b061-ed91f9b9f8cc}</UniqueIdentifier>
    </Filter>
    <Filter Include="ヘッダー ファイル\gasha\build_settings\project">
      <UniqueIdentifier>{cb42f59e-399f-4b6e-95f8-1c39c606ed62}</UniqueIdentifier>
    </Filter>
    <Filter Include="ヘッダー ファイル\gasha\algorithm">
      <UniqueIdentifier>{e3c2751d-4db2-472c-9a36-3e91d96ee897}</UniqueIdentifier>
    </Filter>
    <Filter Include="ヘッダー ファイル\gasha\thread">
      <UniqueIdentifier>{85811cce-b7d0-4830-b170-7587129eef6f}</UniqueIdentifier>
    </Filter>
    <Filter Include="ヘッダー ファイル\gasha\algorithm\sort">
      <UniqueIdentifier>{2e104f62-97f0-487a-8520-683babd3b76c}</UniqueIdentifier>
    </Filter>
    <Filter Include="ヘッダー ファイル\gasha\algorithm\search">
      <UniqueIdentifier>{86bdf5a2-2b94-4a21-92bb-d43928ebb84d}</UniqueIdentifier>
    </Filter>
    <Filter Include="ヘッダー ファイル\gasha\algorithm\basic">
      <UniqueIdentifier>{e74a01d8-8e83-4be2-97f9-4d96fe98d0af}</UniqueIdentifier>
    </Filter>
    <Filter Include="ソース ファイル\thread">
      <UniqueIdentifier>{f72a6f4b-2d37-4352-9f70-c10515a2b335}</UniqueIdentifier>
    </Filter>
  </ItemGroup>
  <ItemGroup>
    <ClInclude Include="standard.h">
      <Filter>プリコンパイル済みヘッダー</Filter>
    </ClInclude>
    <ClInclude Include="..\..\gasha\include\gasha\build_settings\common\language_auto_settings.h">
      <Filter>ヘッダー ファイル\gasha\build_settings\common</Filter>
    </ClInclude>
    <ClInclude Include="..\..\gasha\include\gasha\build_settings\common\platform_auto_settings.h">
      <Filter>ヘッダー ファイル\gasha\build_settings\common</Filter>
    </ClInclude>
    <ClInclude Include="..\..\gasha\include\gasha\build_settings\common\compiler_auto_settings.h">
      <Filter>ヘッダー ファイル\gasha\build_settings\common</Filter>
    </ClInclude>
    <ClInclude Include="..\..\gasha\include\gasha\build_settings\build_settings.h">
      <Filter>ヘッダー ファイル\gasha\build_settings</Filter>
    </ClInclude>
    <ClInclude Include="..\..\gasha\include\gasha\crc32.h">
      <Filter>ヘッダー ファイル\gasha\crc</Filter>
    </ClInclude>
    <ClInclude Include="..\..\gasha_settings\include\gasha\build_settings\project\last_settings.h">
      <Filter>ヘッダー ファイル\gasha\build_settings\project</Filter>
    </ClInclude>
    <ClInclude Include="..\..\gasha_settings\include\gasha\build_settings\project\first_settings.h">
      <Filter>ヘッダー ファイル\gasha\build_settings\project</Filter>
    </ClInclude>
    <ClInclude Include="..\..\gasha\include\gasha\binary_search.h">
      <Filter>ヘッダー ファイル\gasha\algorithm\search</Filter>
    </ClInclude>
    <ClInclude Include="..\..\gasha\include\gasha\bubble_sort.h">
      <Filter>ヘッダー ファイル\gasha\algorithm\sort</Filter>
    </ClInclude>
    <ClInclude Include="..\..\gasha\include\gasha\comb_sort.h">
      <Filter>ヘッダー ファイル\gasha\algorithm\sort</Filter>
    </ClInclude>
    <ClInclude Include="..\..\gasha\include\gasha\gnome_sort.h">
      <Filter>ヘッダー ファイル\gasha\algorithm\sort</Filter>
    </ClInclude>
    <ClInclude Include="..\..\gasha\include\gasha\heap_sort.h">
      <Filter>ヘッダー ファイル\gasha\algorithm\sort</Filter>
    </ClInclude>
    <ClInclude Include="..\..\gasha\include\gasha\insertion_sort.h">
      <Filter>ヘッダー ファイル\gasha\algorithm\sort</Filter>
    </ClInclude>
    <ClInclude Include="..\..\gasha\include\gasha\intro_sort.h">
      <Filter>ヘッダー ファイル\gasha\algorithm\sort</Filter>
    </ClInclude>
    <ClInclude Include="..\..\gasha\include\gasha\iterator.h">
      <Filter>ヘッダー ファイル\gasha\algorithm\basic</Filter>
    </ClInclude>
    <ClInclude Include="..\..\gasha\include\gasha\linear_search.h">
      <Filter>ヘッダー ファイル\gasha\algorithm\search</Filter>
    </ClInclude>
    <ClInclude Include="..\..\gasha\include\gasha\odd_even_sort.h">
      <Filter>ヘッダー ファイル\gasha\algorithm\sort</Filter>
    </ClInclude>
    <ClInclude Include="..\..\gasha\include\gasha\quick_sort.h">
      <Filter>ヘッダー ファイル\gasha\algorithm\sort</Filter>
    </ClInclude>
    <ClInclude Include="..\..\gasha\include\gasha\radix_sort.h">
      <Filter>ヘッダー ファイル\gasha\algorithm\sort</Filter>
    </ClInclude>
    <ClInclude Include="..\..\gasha\include\gasha\selection_sort.h">
      <Filter>ヘッダー ファイル\gasha\algorithm\sort</Filter>
    </ClInclude>
    <ClInclude Include="..\..\gasha\include\gasha\shaker_sort.h">
      <Filter>ヘッダー ファイル\gasha\algorithm\sort</Filter>
    </ClInclude>
    <ClInclude Include="..\..\gasha\include\gasha\shear_sort.h">
      <Filter>ヘッダー ファイル\gasha\algorithm\sort</Filter>
    </ClInclude>
    <ClInclude Include="..\..\gasha\include\gasha\shell_sort.h">
      <Filter>ヘッダー ファイル\gasha\algorithm\sort</Filter>
    </ClInclude>
    <ClInclude Include="..\..\gasha\include\gasha\sort_basic.h">
      <Filter>ヘッダー ファイル\gasha\algorithm\basic</Filter>
    </ClInclude>
    <ClInclude Include="..\..\gasha\include\gasha\swap_values.h">
      <Filter>ヘッダー ファイル\gasha\algorithm\basic</Filter>
    </ClInclude>
    <ClInclude Include="..\..\gasha\include\gasha\search_basic.h">
      <Filter>ヘッダー ファイル\gasha\algorithm\basic</Filter>
    </ClInclude>
    <ClInclude Include="..\..\gasha\include\gasha\inplace_merge_sort.h">
      <Filter>ヘッダー ファイル\gasha\algorithm\sort</Filter>
    </ClInclude>
    <ClInclude Include="..\..\gasha\include\gasha\spin_lock.h">
      <Filter>ヘッダー ファイル\gasha\thread</Filter>
    </ClInclude>
    <ClInclude Include="..\..\gasha\include\gasha\dummy_lock.h">
      <Filter>ヘッダー ファイル\gasha\thread</Filter>
    </ClInclude>
    <ClInclude Include="..\..\gasha\include\gasha\dummy_shared_lock.h">
      <Filter>ヘッダー ファイル\gasha\thread</Filter>
    </ClInclude>
    <ClInclude Include="..\..\gasha\include\gasha\lock_guard.h">
      <Filter>ヘッダー ファイル\gasha\thread</Filter>
    </ClInclude>
    <ClInclude Include="..\..\gasha\include\gasha\shared_lock_guard.h">
      <Filter>ヘッダー ファイル\gasha\thread</Filter>
    </ClInclude>
    <ClInclude Include="..\..\gasha\include\gasha\shared_spin_lock.h">
      <Filter>ヘッダー ファイル\gasha\thread</Filter>
    </ClInclude>
    <ClInclude Include="..\..\gasha\include\gasha\unshared_spin_lock.h">
      <Filter>ヘッダー ファイル\gasha\thread</Filter>
    </ClInclude>
    <ClInclude Include="..\..\gasha\include\gasha\lock_common.h">
      <Filter>ヘッダー ファイル\gasha\thread</Filter>
    </ClInclude>
    <ClInclude Include="..\..\gasha\include\gasha\lw_spin_lock.h">
      <Filter>ヘッダー ファイル\gasha\thread</Filter>
    </ClInclude>
    <ClInclude Include="..\..\gasha\include\gasha\simple_shared_spin_lock.h">
      <Filter>ヘッダー ファイル\gasha\thread</Filter>
    </ClInclude>
    <ClInclude Include="..\..\gasha\include\gasha\unique_shared_lock.h">
      <Filter>ヘッダー ファイル\gasha\thread</Filter>
    </ClInclude>
    <ClInclude Include="..\..\gasha\include\gasha\unique_lock.h">
      <Filter>ヘッダー ファイル\gasha\thread</Filter>
    </ClInclude>
  </ItemGroup>
  <ItemGroup>
    <ClCompile Include="..\src\crc\crc32.cpp">
      <Filter>ソース ファイル\crc</Filter>
    </ClCompile>
    <ClCompile Include="standard.cpp">
      <Filter>プリコンパイル済みヘッダー</Filter>
    </ClCompile>
    <ClCompile Include="..\src\thread\spin_lock.cpp">
      <Filter>ソース ファイル\thread</Filter>
    </ClCompile>
    <ClCompile Include="..\src\thread\lw_spin_lock.cpp">
      <Filter>ソース ファイル\thread</Filter>
    </ClCompile>
    <ClCompile Include="..\src\thread\shared_spin_lock.cpp">
      <Filter>ソース ファイル\thread</Filter>
    </ClCompile>
    <ClCompile Include="..\src\thread\unshared_spin_lock.cpp">
      <Filter>ソース ファイル\thread</Filter>
    </ClCompile>
    <ClCompile Include="..\src\thread\simple_shared_spin_lock.cpp">
      <Filter>ソース ファイル\thread</Filter>
    </ClCompile>
  </ItemGroup>
</Project>